{
  "dependencies": {
    "lodash": {
      "version": "4.6.1",
      "resolved": "https://registry.npmjs.org/lodash/-/lodash-4.6.1.tgz",
      "from": "lodash@4.6.1"
    },
    "typescript": {
      "version": "1.8.9",
      "resolved": "https://registry.npmjs.org/typescript/-/typescript-1.8.9.tgz",
      "from": "typescript@1.8.9"
    }
  }
}
